
Microsoft Visual Studio Solution File, Format Version 12.00
# Visual Studio Version 17
VisualStudioVersion = 17.3.32929.385
MinimumVisualStudioVersion = 10.0.40219.1
Project("{FAE04EC0-301F-11D3-BF4B-00C04F79EFBC}") = "HW5", "HW5\HW5.csproj", "{D6DB79CB-C5E9-4EC9-AD9A-FA56DE619C81}"
EndProject
Global
	GlobalSection(SolutionConfigurationPlatforms) = preSolution
		Debug|Any CPU = Debug|Any CPU
		Release|Any CPU = Release|Any CPU
	EndGlobalSection
	GlobalSection(ProjectConfigurationPlatforms) = postSolution
		{D6DB79CB-C5E9-4EC9-AD9A-FA56DE619C81}.Debug|Any CPU.ActiveCfg = Debug|Any CPU
		{D6DB79CB-C5E9-4EC9-AD9A-FA56DE619C81}.Debug|Any CPU.Build.0 = Debug|Any CPU
		{D6DB79CB-C5E9-4EC9-AD9A-FA56DE619C81}.Release|Any CPU.ActiveCfg = Release|Any CPU
		{D6DB79CB-C5E9-4EC9-AD9A-FA56DE619C81}.Release|Any CPU.Build.0 = Release|Any CPU
	EndGlobalSection
	GlobalSection(SolutionProperties) = preSolution
		HideSolutionNode = FALSE
	EndGlobalSection
	GlobalSection(ExtensibilityGlobals) = postSolution
		SolutionGuid = {18F38884-EE87-4DB0-9D45-B19DA06C1E42}
	EndGlobalSection
EndGlobal
